
Microsoft Visual Studio Solution File, Format Version 12.00
# Visual Studio Version 16
VisualStudioVersion = 16.0.32106.194
MinimumVisualStudioVersion = 10.0.40219.1
Project("{FAE04EC0-301F-11D3-BF4B-00C04F79EFBC}") = "KataFizzBuzz", "KataFizzBuzz\KataFizzBuzz.csproj", "{B2266815-5616-43E6-81CA-6B191198291F}"
EndProject
Project("{FAE04EC0-301F-11D3-BF4B-00C04F79EFBC}") = "TestProjectFizzBuzz", "TestProjectFizzBuzz\TestProjectFizzBuzz.csproj", "{5861C58C-2284-4C9F-87F6-DEE7E16CBF46}"
EndProject
Global
	GlobalSection(SolutionConfigurationPlatforms) = preSolution
		Debug|Any CPU = Debug|Any CPU
		Release|Any CPU = Release|Any CPU
	EndGlobalSection
	GlobalSection(ProjectConfigurationPlatforms) = postSolution
		{B2266815-5616-43E6-81CA-6B191198291F}.Debug|Any CPU.ActiveCfg = Debug|Any CPU
		{B2266815-5616-43E6-81CA-6B191198291F}.Debug|Any CPU.Build.0 = Debug|Any CPU
		{B2266815-5616-43E6-81CA-6B191198291F}.Release|Any CPU.ActiveCfg = Release|Any CPU
		{B2266815-5616-43E6-81CA-6B191198291F}.Release|Any CPU.Build.0 = Release|Any CPU
		{5861C58C-2284-4C9F-87F6-DEE7E16CBF46}.Debug|Any CPU.ActiveCfg = Debug|Any CPU
		{5861C58C-2284-4C9F-87F6-DEE7E16CBF46}.Debug|Any CPU.Build.0 = Debug|Any CPU
		{5861C58C-2284-4C9F-87F6-DEE7E16CBF46}.Release|Any CPU.ActiveCfg = Release|Any CPU
		{5861C58C-2284-4C9F-87F6-DEE7E16CBF46}.Release|Any CPU.Build.0 = Release|Any CPU
	EndGlobalSection
	GlobalSection(SolutionProperties) = preSolution
		HideSolutionNode = FALSE
	EndGlobalSection
	GlobalSection(ExtensibilityGlobals) = postSolution
		SolutionGuid = {0E87194E-323D-4D95-BF53-FFC8105A22A7}
	EndGlobalSection
EndGlobal
